
Microsoft Visual Studio Solution File, Format Version 12.00
# Visual Studio Version 17
VisualStudioVersion = 17.4.33110.190
MinimumVisualStudioVersion = 10.0.40219.1
Project("{FAE04EC0-301F-11D3-BF4B-00C04F79EFBC}") = "AuthDemo.Api", "AuthDemo.Api\AuthDemo.Api.csproj", "{1528F5E2-4456-432F-A1C4-8D8493ADE412}"
EndProject
Global
	GlobalSection(SolutionConfigurationPlatforms) = preSolution
		Debug|Any CPU = Debug|Any CPU
		Release|Any CPU = Release|Any CPU
	EndGlobalSection
	GlobalSection(ProjectConfigurationPlatforms) = postSolution
		{1528F5E2-4456-432F-A1C4-8D8493ADE412}.Debug|Any CPU.ActiveCfg = Debug|Any CPU
		{1528F5E2-4456-432F-A1C4-8D8493ADE412}.Debug|Any CPU.Build.0 = Debug|Any CPU
		{1528F5E2-4456-432F-A1C4-8D8493ADE412}.Release|Any CPU.ActiveCfg = Release|Any CPU
		{1528F5E2-4456-432F-A1C4-8D8493ADE412}.Release|Any CPU.Build.0 = Release|Any CPU
	EndGlobalSection
	GlobalSection(SolutionProperties) = preSolution
		HideSolutionNode = FALSE
	EndGlobalSection
	GlobalSection(ExtensibilityGlobals) = postSolution
		SolutionGuid = {55A14C8A-9E33-422A-B71E-16FC758C8A4C}
	EndGlobalSection
EndGlobal
